
Microsoft Visual Studio Solution File, Format Version 12.00
Project("{FAE04EC0-301F-11D3-BF4B-00C04F79EFBC}") = "API", "API\API.csproj", "{CDDED03B-84A6-4E48-995B-18F86927C46B}"
EndProject
Global
	GlobalSection(SolutionConfigurationPlatforms) = preSolution
		Debug|Any CPU = Debug|Any CPU
		Release|Any CPU = Release|Any CPU
	EndGlobalSection
	GlobalSection(ProjectConfigurationPlatforms) = postSolution
		{CDDED03B-84A6-4E48-995B-18F86927C46B}.Debug|Any CPU.ActiveCfg = Debug|Any CPU
		{CDDED03B-84A6-4E48-995B-18F86927C46B}.Debug|Any CPU.Build.0 = Debug|Any CPU
		{CDDED03B-84A6-4E48-995B-18F86927C46B}.Release|Any CPU.ActiveCfg = Release|Any CPU
		{CDDED03B-84A6-4E48-995B-18F86927C46B}.Release|Any CPU.Build.0 = Release|Any CPU
	EndGlobalSection
EndGlobal
